// !$*UTF8*$!
{
	archiveVersion = 1;
	classes = {
	};
	objectVersion = 48;
	objects = {

/* Begin PBXBuildFile section */
		2D33B1581FF3792000803E8E /* AppDelegate.swift in Sources */ = {isa = PBXBuildFile; fileRef = 2D33B1571FF3792000803E8E /* AppDelegate.swift */; };
		2D33B15A1FF3792000803E8E /* ViewController.swift in Sources */ = {isa = PBXBuildFile; fileRef = 2D33B1591FF3792000803E8E /* ViewController.swift */; };
		2D33B15D1FF3792000803E8E /* Main.storyboard in Resources */ = {isa = PBXBuildFile; fileRef = 2D33B15B1FF3792000803E8E /* Main.storyboard */; };
		2D33B1601FF3792000803E8E /* stormviewer.xcdatamodeld in Sources */ = {isa = PBXBuildFile; fileRef = 2D33B15E1FF3792000803E8E /* stormviewer.xcdatamodeld */; };
		2D33B1621FF3792000803E8E /* Assets.xcassets in Resources */ = {isa = PBXBuildFile; fileRef = 2D33B1611FF3792000803E8E /* Assets.xcassets */; };
		2D33B1651FF3792000803E8E /* LaunchScreen.storyboard in Resources */ = {isa = PBXBuildFile; fileRef = 2D33B1631FF3792000803E8E /* LaunchScreen.storyboard */; };
		2D33B1701FF3792000803E8E /* stormviewerTests.swift in Sources */ = {isa = PBXBuildFile; fileRef = 2D33B16F1FF3792000803E8E /* stormviewerTests.swift */; };
		2D33B17B1FF3792000803E8E /* stormviewerUITests.swift in Sources */ = {isa = PBXBuildFile; fileRef = 2D33B17A1FF3792000803E8E /* stormviewerUITests.swift */; };
/* End PBXBuildFile section */

/* Begin PBXContainerItemProxy section */
		2D33B16C1FF3792000803E8E /* PBXContainerItemProxy */ = {
			isa = PBXContainerItemProxy;
			containerPortal = 2D33B14C1FF3792000803E8E /* Project object */;
			proxyType = 1;
			remoteGlobalIDString = 2D33B1531FF3792000803E8E;
			remoteInfo = stormviewer;
		};
		2D33B1771FF3792000803E8E /* PBXContainerItemProxy */ = {
			isa = PBXContainerItemProxy;
			containerPortal = 2D33B14C1FF3792000803E8E /* Project object */;
			proxyType = 1;
			remoteGlobalIDString = 2D33B1531FF3792000803E8E;
			remoteInfo = stormviewer;
		};
/* End PBXContainerItemProxy section */

/* Begin PBXFileReference section */
		2D33B1541FF3792000803E8E /* stormviewer.app */ = {isa = PBXFileReference; explicitFileType = wrapper.application; includeInIndex = 0; path = stormviewer.app; sourceTree = BUILT_PRODUCTS_DIR; };
		2D33B1571FF3792000803E8E /* AppDelegate.swift */ = {isa = PBXFileReference; lastKnownFileType = sourcecode.swift; path = AppDelegate.swift; sourceTree = "<group>"; };
		2D33B1591FF3792000803E8E /* ViewController.swift */ = {isa = PBXFileReference; lastKnownFileType = sourcecode.swift; path = ViewController.swift; sourceTree = "<group>"; };
		2D33B15C1FF3792000803E8E /* Base */ = {isa = PBXFileReference; lastKnownFileType = file.storyboard; name = Base; path = Base.lproj/Main.storyboard; sourceTree = "<group>"; };
		2D33B15F1FF3792000803E8E /* stormviewer.xcdatamodel */ = {isa = PBXFileReference; lastKnownFileType = wrapper.xcdatamodel; path = stormviewer.xcdatamodel; sourceTree = "<group>"; };
		2D33B1611FF3792000803E8E /* Assets.xcassets */ = {isa = PBXFileReference; lastKnownFileType = folder.assetcatalog; path = Assets.xcassets; sourceTree = "<group>"; };
		2D33B1641FF3792000803E8E /* Base */ = {isa = PBXFileReference; lastKnownFileType = file.storyboard; name = Base; path = Base.lproj/LaunchScreen.storyboard; sourceTree = "<group>"; };
		2D33B1661FF3792000803E8E /* Info.plist */ = {isa = PBXFileReference; lastKnownFileType = text.plist.xml; path = Info.plist; sourceTree = "<group>"; };
		2D33B16B1FF3792000803E8E /* stormviewerTests.xctest */ = {isa = PBXFileReference; explicitFileType = wrapper.cfbundle; includeInIndex = 0; path = stormviewerTests.xctest; sourceTree = BUILT_PRODUCTS_DIR; };
		2D33B16F1FF3792000803E8E /* stormviewerTests.swift */ = {isa = PBXFileReference; lastKnownFileType = sourcecode.swift; path = stormviewerTests.swift; sourceTree = "<group>"; };
		2D33B1711FF3792000803E8E /* Info.plist */ = {isa = PBXFileReference; lastKnownFileType = text.plist.xml; path = Info.plist; sourceTree = "<group>"; };
		2D33B1761FF3792000803E8E /* stormviewerUITests.xctest */ = {isa = PBXFileReference; explicitFileType = wrapper.cfbundle; includeInIndex = 0; path = stormviewerUITests.xctest; sourceTree = BUILT_PRODUCTS_DIR; };
		2D33B17A1FF3792000803E8E /* stormviewerUITests.swift */ = {isa = PBXFileReference; lastKnownFileType = sourcecode.swift; path = stormviewerUITests.swift; sourceTree = "<group>"; };
		2D33B17C1FF3792000803E8E /* Info.plist */ = {isa = PBXFileReference; lastKnownFileType = text.plist.xml; path = Info.plist; sourceTree = "<group>"; };
/* End PBXFileReference section */

/* Begin PBXFrameworksBuildPhase section */
		2D33B1511FF3792000803E8E /* Frameworks */ = {
			isa = PBXFrameworksBuildPhase;
			buildActionMask = 2147483647;
			files = (
			);
			runOnlyForDeploymentPostprocessing = 0;
		};
		2D33B1681FF3792000803E8E /* Frameworks */ = {
			isa = PBXFrameworksBuildPhase;
			buildActionMask = 2147483647;
			files = (
			);
			runOnlyForDeploymentPostprocessing = 0;
		};
		2D33B1731FF3792000803E8E /* Frameworks */ = {
			isa = PBXFrameworksBuildPhase;
			buildActionMask = 2147483647;
			files = (
			);
			runOnlyForDeploymentPostprocessing = 0;
		};
/* End PBXFrameworksBuildPhase section */

/* Begin PBXGroup section */
		2D33B14B1FF3792000803E8E = {
			isa = PBXGroup;
			children = (
				2D33B1561FF3792000803E8E /* stormviewer */,
				2D33B16E1FF3792000803E8E /* stormviewerTests */,
				2D33B1791FF3792000803E8E /* stormviewerUITests */,
				2D33B1551FF3792000803E8E /* Products */,
			);
			sourceTree = "<group>";
		};
		2D33B1551FF3792000803E8E /* Products */ = {
			isa = PBXGroup;
			children = (
				2D33B1541FF3792000803E8E /* stormviewer.app */,
				2D33B16B1FF3792000803E8E /* stormviewerTests.xctest */,
				2D33B1761FF3792000803E8E /* stormviewerUITests.xctest */,
			);
			name = Products;
			sourceTree = "<group>";
		};
		2D33B1561FF3792000803E8E /* stormviewer */ = {
			isa = PBXGroup;
			children = (
				2D33B1571FF3792000803E8E /* AppDelegate.swift */,
				2D33B1591FF3792000803E8E /* ViewController.swift */,
				2D33B15B1FF3792000803E8E /* Main.storyboard */,
				2D33B1611FF3792000803E8E /* Assets.xcassets */,
				2D33B1631FF3792000803E8E /* LaunchScreen.storyboard */,
				2D33B1661FF3792000803E8E /* Info.plist */,
				2D33B15E1FF3792000803E8E /* stormviewer.xcdatamodeld */,
			);
			path = stormviewer;
			sourceTree = "<group>";
		};
		2D33B16E1FF3792000803E8E /* stormviewerTests */ = {
			isa = PBXGroup;
			children = (
				2D33B16F1FF3792000803E8E /* stormviewerTests.swift */,
				2D33B1711FF3792000803E8E /* Info.plist */,
			);
			path = stormviewerTests;
			sourceTree = "<group>";
		};
		2D33B1791FF3792000803E8E /* stormviewerUITests */ = {
			isa = PBXGroup;
			children = (
				2D33B17A1FF3792000803E8E /* stormviewerUITests.swift */,
				2D33B17C1FF3792000803E8E /* Info.plist */,
			);
			path = stormviewerUITests;
			sourceTree = "<group>";
		};
/* End PBXGroup section */

/* Begin PBXNativeTarget section */
		2D33B1531FF3792000803E8E /* stormviewer */ = {
			isa = PBXNativeTarget;
			buildConfigurationList = 2D33B17F1FF3792000803E8E /* Build configuration list for PBXNativeTarget "stormviewer" */;
			buildPhases = (
				2D33B1501FF3792000803E8E /* Sources */,
				2D33B1511FF3792000803E8E /* Frameworks */,
				2D33B1521FF3792000803E8E /* Resources */,
			);
			buildRules = (
			);
			dependencies = (
			);
			name = stormviewer;
			productName = stormviewer;
			productReference = 2D33B1541FF3792000803E8E /* stormviewer.app */;
			productType = "com.apple.product-type.application";
		};
		2D33B16A1FF3792000803E8E /* stormviewerTests */ = {
			isa = PBXNativeTarget;
			buildConfigurationList = 2D33B1821FF3792000803E8E /* Build configuration list for PBXNativeTarget "stormviewerTests" */;
			buildPhases = (
				2D33B1671FF3792000803E8E /* Sources */,
				2D33B1681FF3792000803E8E /* Frameworks */,
				2D33B1691FF3792000803E8E /* Resources */,
			);
			buildRules = (
			);
			dependencies = (
				2D33B16D1FF3792000803E8E /* PBXTargetDependency */,
			);
			name = stormviewerTests;
			productName = stormviewerTests;
			productReference = 2D33B16B1FF3792000803E8E /* stormviewerTests.xctest */;
			productType = "com.apple.product-type.bundle.unit-test";
		};
		2D33B1751FF3792000803E8E /* stormviewerUITests */ = {
			isa = PBXNativeTarget;
			buildConfigurationList = 2D33B1851FF3792000803E8E /* Build configuration list for PBXNativeTarget "stormviewerUITests" */;
			buildPhases = (
				2D33B1721FF3792000803E8E /* Sources */,
				2D33B1731FF3792000803E8E /* Frameworks */,
				2D33B1741FF3792000803E8E /* Resources */,
			);
			buildRules = (
			);
			dependencies = (
				2D33B1781FF3792000803E8E /* PBXTargetDependency */,
			);
			name = stormviewerUITests;
			productName = stormviewerUITests;
			productReference = 2D33B1761FF3792000803E8E /* stormviewerUITests.xctest */;
			productType = "com.apple.product-type.bundle.ui-testing";
		};
/* End PBXNativeTarget section */

/* Begin PBXProject section */
		2D33B14C1FF3792000803E8E /* Project object */ = {
			isa = PBXProject;
			attributes = {
				LastSwiftUpdateCheck = 0920;
				LastUpgradeCheck = 0920;
				ORGANIZATIONNAME = "Ritesh Study";
				TargetAttributes = {
					2D33B1531FF3792000803E8E = {
						CreatedOnToolsVersion = 9.2;
						ProvisioningStyle = Automatic;
					};
					2D33B16A1FF3792000803E8E = {
						CreatedOnToolsVersion = 9.2;
						ProvisioningStyle = Automatic;
						TestTargetID = 2D33B1531FF3792000803E8E;
					};
					2D33B1751FF3792000803E8E = {
						CreatedOnToolsVersion = 9.2;
						ProvisioningStyle = Automatic;
						TestTargetID = 2D33B1531FF3792000803E8E;
					};
				};
			};
			buildConfigurationList = 2D33B14F1FF3792000803E8E /* Build configuration list for PBXProject "stormviewer" */;
			compatibilityVersion = "Xcode 8.0";
			developmentRegion = en;
			hasScannedForEncodings = 0;
			knownRegions = (
				en,
				Base,
			);
			mainGroup = 2D33B14B1FF3792000803E8E;
			productRefGroup = 2D33B1551FF3792000803E8E /* Products */;
			projectDirPath = "";
			projectRoot = "";
			targets = (
				2D33B1531FF3792000803E8E /* stormviewer */,
				2D33B16A1FF3792000803E8E /* stormviewerTests */,
				2D33B1751FF3792000803E8E /* stormviewerUITests */,
			);
		};
/* End PBXProject section */

/* Begin PBXResourcesBuildPhase section */
		2D33B1521FF3792000803E8E /* Resources */ = {
			isa = PBXResourcesBuildPhase;
			buildActionMask = 2147483647;
			files = (
				2D33B1651FF3792000803E8E /* LaunchScreen.storyboard in Resources */,
				2D33B1621FF3792000803E8E /* Assets.xcassets in Resources */,
				2D33B15D1FF3792000803E8E /* Main.storyboard in Resources */,
			);
			runOnlyForDeploymentPostprocessing = 0;
		};
		2D33B1691FF3792000803E8E /* Resources */ = {
			isa = PBXResourcesBuildPhase;
			buildActionMask = 2147483647;
			files = (
			);
			runOnlyForDeploymentPostprocessing = 0;
		};
		2D33B1741FF3792000803E8E /* Resources */ = {
			isa = PBXResourcesBuildPhase;
			buildActionMask = 2147483647;
			files = (
			);
			runOnlyForDeploymentPostprocessing = 0;
		};
/* End PBXResourcesBuildPhase section */

/* Begin PBXSourcesBuildPhase section */
		2D33B1501FF3792000803E8E /* Sources */ = {
			isa = PBXSourcesBuildPhase;
			buildActionMask = 2147483647;
			files = (
				2D33B1601FF3792000803E8E /* stormviewer.xcdatamodeld in Sources */,
				2D33B15A1FF3792000803E8E /* ViewController.swift in Sources */,
				2D33B1581FF3792000803E8E /* AppDelegate.swift in Sources */,
			);
			runOnlyForDeploymentPostprocessing = 0;
		};
		2D33B1671FF3792000803E8E /* Sources */ = {
			isa = PBXSourcesBuildPhase;
			buildActionMask = 2147483647;
			files = (
				2D33B1701FF3792000803E8E /* stormviewerTests.swift in Sources */,
			);
			runOnlyForDeploymentPostprocessing = 0;
		};
		2D33B1721FF3792000803E8E /* Sources */ = {
			isa = PBXSourcesBuildPhase;
			buildActionMask = 2147483647;
			files = (
				2D33B17B1FF3792000803E8E /* stormviewerUITests.swift in Sources */,
			);
			runOnlyForDeploymentPostprocessing = 0;
		};
/* End PBXSourcesBuildPhase section */

/* Begin PBXTargetDependency section */
		2D33B16D1FF3792000803E8E /* PBXTargetDependency */ = {
			isa = PBXTargetDependency;
			target = 2D33B1531FF3792000803E8E /* stormviewer */;
			targetProxy = 2D33B16C1FF3792000803E8E /* PBXContainerItemProxy */;
		};
		2D33B1781FF3792000803E8E /* PBXTargetDependency */ = {
			isa = PBXTargetDependency;
			target = 2D33B1531FF3792000803E8E /* stormviewer */;
			targetProxy = 2D33B1771FF3792000803E8E /* PBXContainerItemProxy */;
		};
/* End PBXTargetDependency section */

/* Begin PBXVariantGroup section */
		2D33B15B1FF3792000803E8E /* Main.storyboard */ = {
			isa = PBXVariantGroup;
			children = (
				2D33B15C1FF3792000803E8E /* Base */,
			);
			name = Main.storyboard;
			sourceTree = "<group>";
		};
		2D33B1631FF3792000803E8E /* LaunchScreen.storyboard */ = {
			isa = PBXVariantGroup;
			children = (
				2D33B1641FF3792000803E8E /* Base */,
			);
			name = LaunchScreen.storyboard;
			sourceTree = "<group>";
		};
/* End PBXVariantGroup section */

/* Begin XCBuildConfiguration section */
		2D33B17D1FF3792000803E8E /* Debug */ = {
			isa = XCBuildConfiguration;
			buildSettings = {
				ALWAYS_SEARCH_USER_PATHS = NO;
				CLANG_ANALYZER_NONNULL = YES;
				CLANG_ANALYZER_NUMBER_OBJECT_CONVERSION = YES_AGGRESSIVE;
				CLANG_CXX_LANGUAGE_STANDARD = "gnu++14";
				CLANG_CXX_LIBRARY = "libc++";
				CLANG_ENABLE_MODULES = YES;
				CLANG_ENABLE_OBJC_ARC = YES;
				CLANG_WARN_BLOCK_CAPTURE_AUTORELEASING = YES;
				CLANG_WARN_BOOL_CONVERSION = YES;
				CLANG_WARN_COMMA = YES;
				CLANG_WARN_CONSTANT_CONVERSION = YES;
				CLANG_WARN_DIRECT_OBJC_ISA_USAGE = YES_ERROR;
				CLANG_WARN_DOCUMENTATION_COMMENTS = YES;
				CLANG_WARN_EMPTY_BODY = YES;
				CLANG_WARN_ENUM_CONVERSION = YES;
				CLANG_WARN_INFINITE_RECURSION = YES;
				CLANG_WARN_INT_CONVERSION = YES;
				CLANG_WARN_NON_LITERAL_NULL_CONVERSION = YES;
				CLANG_WARN_OBJC_LITERAL_CONVERSION = YES;
				CLANG_WARN_OBJC_ROOT_CLASS = YES_ERROR;
				CLANG_WARN_RANGE_LOOP_ANALYSIS = YES;
				CLANG_WARN_STRICT_PROTOTYPES = YES;
				CLANG_WARN_SUSPICIOUS_MOVE = YES;
				CLANG_WARN_UNGUARDED_AVAILABILITY = YES_AGGRESSIVE;
				CLANG_WARN_UNREACHABLE_CODE = YES;
				CLANG_WARN__DUPLICATE_METHOD_MATCH = YES;
				CODE_SIGN_IDENTITY = "iPhone Developer";
				COPY_PHASE_STRIP = NO;
				DEBUG_INFORMATION_FORMAT = dwarf;
				ENABLE_STRICT_OBJC_MSGSEND = YES;
				ENABLE_TESTABILITY = YES;
				GCC_C_LANGUAGE_STANDARD = gnu11;
				GCC_DYNAMIC_NO_PIC = NO;
				GCC_NO_COMMON_BLOCKS = YES;
				GCC_OPTIMIZATION_LEVEL = 0;
				GCC_PREPROCESSOR_DEFINITIONS = (
					"DEBUG=1",
					"$(inherited)",
				);
				GCC_WARN_64_TO_32_BIT_CONVERSION = YES;
				GCC_WARN_ABOUT_RETURN_TYPE = YES_ERROR;
				GCC_WARN_UNDECLARED_SELECTOR = YES;
				GCC_WARN_UNINITIALIZED_AUTOS = YES_AGGRESSIVE;
				GCC_WARN_UNUSED_FUNCTION = YES;
				GCC_WARN_UNUSED_VARIABLE = YES;
				IPHONEOS_DEPLOYMENT_TARGET = 11.2;
				MTL_ENABLE_DEBUG_INFO = YES;
				ONLY_ACTIVE_ARCH = YES;
				SDKROOT = iphoneos;
				SWIFT_ACTIVE_COMPILATION_CONDITIONS = DEBUG;
				SWIFT_OPTIMIZATION_LEVEL = "-Onone";
			};
			name = Debug;
		};
		2D33B17E1FF3792000803E8E /* Release */ = {
			isa = XCBuildConfiguration;
			buildSettings = {
				ALWAYS_SEARCH_USER_PATHS = NO;
				CLANG_ANALYZER_NONNULL = YES;
				CLANG_ANALYZER_NUMBER_OBJECT_CONVERSION = YES_AGGRESSIVE;
				CLANG_CXX_LANGUAGE_STANDARD = "gnu++14";
				CLANG_CXX_LIBRARY = "libc++";
				CLANG_ENABLE_MODULES = YES;
				CLANG_ENABLE_OBJC_ARC = YES;
				CLANG_WARN_BLOCK_CAPTURE_AUTORELEASING = YES;
				CLANG_WARN_BOOL_CONVERSION = YES;
				CLANG_WARN_COMMA = YES;
				CLANG_WARN_CONSTANT_CONVERSION = YES;
				CLANG_WARN_DIRECT_OBJC_ISA_USAGE = YES_ERROR;
				CLANG_WARN_DOCUMENTATION_COMMENTS = YES;
				CLANG_WARN_EMPTY_BODY = YES;
				CLANG_WARN_ENUM_CONVERSION = YES;
				CLANG_WARN_INFINITE_RECURSION = YES;
				CLANG_WARN_INT_CONVERSION = YES;
				CLANG_WARN_NON_LITERAL_NULL_CONVERSION = YES;
				CLANG_WARN_OBJC_LITERAL_CONVERSION = YES;
				CLANG_WARN_OBJC_ROOT_CLASS = YES_ERROR;
				CLANG_WARN_RANGE_LOOP_ANALYSIS = YES;
				CLANG_WARN_STRICT_PROTOTYPES = YES;
				CLANG_WARN_SUSPICIOUS_MOVE = YES;
				CLANG_WARN_UNGUARDED_AVAILABILITY = YES_AGGRESSIVE;
				CLANG_WARN_UNREACHABLE_CODE = YES;
				CLANG_WARN__DUPLICATE_METHOD_MATCH = YES;
				CODE_SIGN_IDENTITY = "iPhone Developer";
				COPY_PHASE_STRIP = NO;
				DEBUG_INFORMATION_FORMAT = "dwarf-with-dsym";
				ENABLE_NS_ASSERTIONS = NO;
				ENABLE_STRICT_OBJC_MSGSEND = YES;
				GCC_C_LANGUAGE_STANDARD = gnu11;
				GCC_NO_COMMON_BLOCKS = YES;
				GCC_WARN_64_TO_32_BIT_CONVERSION = YES;
				GCC_WARN_ABOUT_RETURN_TYPE = YES_ERROR;
				GCC_WARN_UNDECLARED_SELECTOR = YES;
				GCC_WARN_UNINITIALIZED_AUTOS = YES_AGGRESSIVE;
				GCC_WARN_UNUSED_FUNCTION = YES;
				GCC_WARN_UNUSED_VARIABLE = YES;
				IPHONEOS_DEPLOYMENT_TARGET = 11.2;
				MTL_ENABLE_DEBUG_INFO = NO;
				SDKROOT = iphoneos;
				SWIFT_OPTIMIZATION_LEVEL = "-Owholemodule";
				VALIDATE_PRODUCT = YES;
			};
			name = Release;
		};
		2D33B1801FF3792000803E8E /* Debug */ = {
			isa = XCBuildConfiguration;
			buildSettings = {
				ASSETCATALOG_COMPILER_APPICON_NAME = AppIcon;
				CODE_SIGN_STYLE = Automatic;
				DEVELOPMENT_TEAM = XYKHR947MF;
				INFOPLIST_FILE = stormviewer/Info.plist;
				LD_RUNPATH_SEARCH_PATHS = "$(inherited) @executable_path/Frameworks";
				PRODUCT_BUNDLE_IDENTIFIER = com.riteshstudy.stormviewer;
				PRODUCT_NAME = "$(TARGET_NAME)";
				SWIFT_VERSION = 4.0;
				TARGETED_DEVICE_FAMILY = "1,2";
			};
			name = Debug;
		};
		2D33B1811FF3792000803E8E /* Release */ = {
			isa = XCBuildConfiguration;
			buildSettings = {
				ASSETCATALOG_COMPILER_APPICON_NAME = AppIcon;
				CODE_SIGN_STYLE = Automatic;
				DEVELOPMENT_TEAM = XYKHR947MF;
				INFOPLIST_FILE = stormviewer/Info.plist;
				LD_RUNPATH_SEARCH_PATHS = "$(inherited) @executable_path/Frameworks";
				PRODUCT_BUNDLE_IDENTIFIER = com.riteshstudy.stormviewer;
				PRODUCT_NAME = "$(TARGET_NAME)";
				SWIFT_VERSION = 4.0;
				TARGETED_DEVICE_FAMILY = "1,2";
			};
			name = Release;
		};
		2D33B1831FF3792000803E8E /* Debug */ = {
			isa = XCBuildConfiguration;
			buildSettings = {
				ALWAYS_EMBED_SWIFT_STANDARD_LIBRARIES = YES;
				BUNDLE_LOADER = "$(TEST_HOST)";
				CODE_SIGN_STYLE = Automatic;
				DEVELOPMENT_TEAM = XYKHR947MF;
				INFOPLIST_FILE = stormviewerTests/Info.plist;
				LD_RUNPATH_SEARCH_PATHS = "$(inherited) @executable_path/Frameworks @loader_path/Frameworks";
				PRODUCT_BUNDLE_IDENTIFIER = com.riteshstudy.stormviewerTests;
				PRODUCT_NAME = "$(TARGET_NAME)";
				SWIFT_VERSION = 4.0;
				TARGETED_DEVICE_FAMILY = "1,2";
				TEST_HOST = "$(BUILT_PRODUCTS_DIR)/stormviewer.app/stormviewer";
			};
			name = Debug;
		};
		2D33B1841FF3792000803E8E /* Release */ = {
			isa = XCBuildConfiguration;
			buildSettings = {
				ALWAYS_EMBED_SWIFT_STANDARD_LIBRARIES = YES;
				BUNDLE_LOADER = "$(TEST_HOST)";
				CODE_SIGN_STYLE = Automatic;
				DEVELOPMENT_TEAM = XYKHR947MF;
				INFOPLIST_FILE = stormviewerTests/Info.plist;
				LD_RUNPATH_SEARCH_PATHS = "$(inherited) @executable_path/Frameworks @loader_path/Frameworks";
				PRODUCT_BUNDLE_IDENTIFIER = com.riteshstudy.stormviewerTests;
				PRODUCT_NAME = "$(TARGET_NAME)";
				SWIFT_VERSION = 4.0;
				TARGETED_DEVICE_FAMILY = "1,2";
				TEST_HOST = "$(BUILT_PRODUCTS_DIR)/stormviewer.app/stormviewer";
			};
			name = Release;
		};
		2D33B1861FF3792000803E8E /* Debug */ = {
			isa = XCBuildConfiguration;
			buildSettings = {
				ALWAYS_EMBED_SWIFT_STANDARD_LIBRARIES = YES;
				CODE_SIGN_STYLE = Automatic;
				DEVELOPMENT_TEAM = XYKHR947MF;
				INFOPLIST_FILE = stormviewerUITests/Info.plist;
				LD_RUNPATH_SEARCH_PATHS = "$(inherited) @executable_path/Frameworks @loader_path/Frameworks";
				PRODUCT_BUNDLE_IDENTIFIER = com.riteshstudy.stormviewerUITests;
				PRODUCT_NAME = "$(TARGET_NAME)";
				SWIFT_VERSION = 4.0;
				TARGETED_DEVICE_FAMILY = "1,2";
				TEST_TARGET_NAME = stormviewer;
			};
			name = Debug;
		};
		2D33B1871FF3792000803E8E /* Release */ = {
			isa = XCBuildConfiguration;
			buildSettings = {
				ALWAYS_EMBED_SWIFT_STANDARD_LIBRARIES = YES;
				CODE_SIGN_STYLE = Automatic;
				DEVELOPMENT_TEAM = XYKHR947MF;
				INFOPLIST_FILE = stormviewerUITests/Info.plist;
				LD_RUNPATH_SEARCH_PATHS = "$(inherited) @executable_path/Frameworks @loader_path/Frameworks";
				PRODUCT_BUNDLE_IDENTIFIER = com.riteshstudy.stormviewerUITests;
				PRODUCT_NAME = "$(TARGET_NAME)";
				SWIFT_VERSION = 4.0;
				TARGETED_DEVICE_FAMILY = "1,2";
				TEST_TARGET_NAME = stormviewer;
			};
			name = Release;
		};
/* End XCBuildConfiguration section */

/* Begin XCConfigurationList section */
		2D33B14F1FF3792000803E8E /* Build configuration list for PBXProject "stormviewer" */ = {
			isa = XCConfigurationList;
			buildConfigurations = (
				2D33B17D1FF3792000803E8E /* Debug */,
				2D33B17E1FF3792000803E8E /* Release */,
			);
			defaultConfigurationIsVisible = 0;
			defaultConfigurationName = Release;
		};
		2D33B17F1FF3792000803E8E /* Build configuration list for PBXNativeTarget "stormviewer" */ = {
			isa = XCConfigurationList;
			buildConfigurations = (
				2D33B1801FF3792000803E8E /* Debug */,
				2D33B1811FF3792000803E8E /* Release */,
			);
			defaultConfigurationIsVisible = 0;
			defaultConfigurationName = Release;
		};
		2D33B1821FF3792000803E8E /* Build configuration list for PBXNativeTarget "stormviewerTests" */ = {
			isa = XCConfigurationList;
			buildConfigurations = (
				2D33B1831FF3792000803E8E /* Debug */,
				2D33B1841FF3792000803E8E /* Release */,
			);
			defaultConfigurationIsVisible = 0;
			defaultConfigurationName = Release;
		};
		2D33B1851FF3792000803E8E /* Build configuration list for PBXNativeTarget "stormviewerUITests" */ = {
			isa = XCConfigurationList;
			buildConfigurations = (
				2D33B1861FF3792000803E8E /* Debug */,
				2D33B1871FF3792000803E8E /* Release */,
			);
			defaultConfigurationIsVisible = 0;
			defaultConfigurationName = Release;
		};
/* End XCConfigurationList section */

/* Begin XCVersionGroup section */
		2D33B15E1FF3792000803E8E /* stormviewer.xcdatamodeld */ = {
			isa = XCVersionGroup;
			children = (
				2D33B15F1FF3792000803E8E /* stormviewer.xcdatamodel */,
			);
			currentVersion = 2D33B15F1FF3792000803E8E /* stormviewer.xcdatamodel */;
			path = stormviewer.xcdatamodeld;
			sourceTree = "<group>";
			versionGroupType = wrapper.xcdatamodel;
		};
/* End XCVersionGroup section */
	};
	rootObject = 2D33B14C1FF3792000803E8E /* Project object */;
}
